
Microsoft Visual Studio Solution File, Format Version 12.00
# Visual Studio Version 17
VisualStudioVersion = 17.5.002.0
MinimumVisualStudioVersion = 10.0.40219.1
Project("{2150E333-8FDC-42A3-9474-1A3956D46DE8}") = "DotNet_Tasks", "DotNet_Tasks", "{54DB035A-5225-4B7E-B61F-E183BB0F1457}"
EndProject
Project("{2150E333-8FDC-42A3-9474-1A3956D46DE8}") = "Console_App_DotNet", "Console_App_DotNet", "{20C69B3A-19F0-4361-96C8-E545F1D9982D}"
EndProject
Project("{9A19103F-16F7-4668-BE54-9A1E7A4F7556}") = "EmployeeManagement", "DotNet_Tasks\Console_App_DotNet\EmployeeManagement\EmployeeManagement.csproj", "{8EAB0937-6D73-4E0A-BDDF-C033FEB85B6B}"
EndProject
Global
	GlobalSection(SolutionConfigurationPlatforms) = preSolution
		Debug|Any CPU = Debug|Any CPU
		Release|Any CPU = Release|Any CPU
	EndGlobalSection
	GlobalSection(ProjectConfigurationPlatforms) = postSolution
		{8EAB0937-6D73-4E0A-BDDF-C033FEB85B6B}.Debug|Any CPU.ActiveCfg = Debug|Any CPU
		{8EAB0937-6D73-4E0A-BDDF-C033FEB85B6B}.Debug|Any CPU.Build.0 = Debug|Any CPU
		{8EAB0937-6D73-4E0A-BDDF-C033FEB85B6B}.Release|Any CPU.ActiveCfg = Release|Any CPU
		{8EAB0937-6D73-4E0A-BDDF-C033FEB85B6B}.Release|Any CPU.Build.0 = Release|Any CPU
	EndGlobalSection
	GlobalSection(SolutionProperties) = preSolution
		HideSolutionNode = FALSE
	EndGlobalSection
	GlobalSection(NestedProjects) = preSolution
		{20C69B3A-19F0-4361-96C8-E545F1D9982D} = {54DB035A-5225-4B7E-B61F-E183BB0F1457}
		{8EAB0937-6D73-4E0A-BDDF-C033FEB85B6B} = {20C69B3A-19F0-4361-96C8-E545F1D9982D}
	EndGlobalSection
	GlobalSection(ExtensibilityGlobals) = postSolution
		SolutionGuid = {2122E331-A751-4A2F-A1F8-C6E2FC4D3D9B}
	EndGlobalSection
EndGlobal
